// !$*UTF8*$!
{
	archiveVersion = 1;
	classes = {
	};
	objectVersion = 46;
	objects = {

/* Begin PBXBuildFile section */
		0A552BB61F6A0735F7AF2E62 /* WeightTrendAnalytics.swift in Sources */ = {isa = PBXBuildFile; fileRef = BD7543CE5CEA1C05E08E5D47 /* WeightTrendAnalytics.swift */; };
		1893D696F40B53FB3C4EE618 /* EntrySource.swift in Sources */ = {isa = PBXBuildFile; fileRef = 94674D4B771D1E4A7836D144 /* EntrySource.swift */; };
		1C261B6C790A516E16A0F237 /* DisplayUnit.swift in Sources */ = {isa = PBXBuildFile; fileRef = 8EAF0D261CDC86D72F075851 /* DisplayUnit.swift */; };
		1CAC29FED9CBEC443144E86E /* TrendsView.swift in Sources */ = {isa = PBXBuildFile; fileRef = 493898C698C690CDB9FA70E7 /* TrendsView.swift */; };
		234B8026547C458D873B8B26 /* TimestampFormatters.swift in Sources */ = {isa = PBXBuildFile; fileRef = 5F3D84B8F1337DB9E98A4112 /* TimestampFormatters.swift */; };
		35812BEE738FE8BC4CF33A31 /* ActivityView.swift in Sources */ = {isa = PBXBuildFile; fileRef = 3A17EF6737DBF9AB00A67E5C /* ActivityView.swift */; };
		47B60E88ED433AFF06C1B00E /* CSVService.swift in Sources */ = {isa = PBXBuildFile; fileRef = D7FAF64E1EC4E6B04FF3FBFE /* CSVService.swift */; };
		47F97A2A41066685B3B5EFB1 /* PersistenceController.swift in Sources */ = {isa = PBXBuildFile; fileRef = 3EB21A34E56D9D26B5358E7C /* PersistenceController.swift */; };
		4856BAD0DC9F991BABB81770 /* WeightTrendSample.swift in Sources */ = {isa = PBXBuildFile; fileRef = 6CC76E8C22868B3C1E9B3971 /* WeightTrendSample.swift */; };
		48777CB6BF2165607A04961B /* AppStateStoreIntegrationTests.swift in Sources */ = {isa = PBXBuildFile; fileRef = 5E26B184544EE7F3B944FC4F /* AppStateStoreIntegrationTests.swift */; };
		48DBC4DB0E2DE978F243C40B /* WeightEntry.swift in Sources */ = {isa = PBXBuildFile; fileRef = 3AD6079A2218B288EBC4AD65 /* WeightEntry.swift */; };
		492B01E7A4D2A637D4EC7742 /* WeightProtocolDecoderTests.swift in Sources */ = {isa = PBXBuildFile; fileRef = CAB8146B31AC08629F2C505F /* WeightProtocolDecoderTests.swift */; };
		4BABC67D39C5AC119A367FAC /* HistoryView.swift in Sources */ = {isa = PBXBuildFile; fileRef = 38EEC32EEA5CDC73BA9BFD1D /* HistoryView.swift */; };
		55265F746D0D8FB5B6B9E8CE /* ScaleScanner.swift in Sources */ = {isa = PBXBuildFile; fileRef = 4FCF74C52D9DDE54148EEB82 /* ScaleScanner.swift */; };
		5F24D9B5845785BCEFC462D1 /* ImportResult.swift in Sources */ = {isa = PBXBuildFile; fileRef = E904456B965982807361824D /* ImportResult.swift */; };
		61D04603AD9674E05E2E3101 /* ScanError.swift in Sources */ = {isa = PBXBuildFile; fileRef = 8DEB09E51A8D43034386C3CA /* ScanError.swift */; };
		6303F470F1E80A303E53DD49 /* ScaleProtocolDecoder.swift in Sources */ = {isa = PBXBuildFile; fileRef = C30F24778016DE8C81A69021 /* ScaleProtocolDecoder.swift */; };
		636323188075FA66CC9ADF3D /* AppStateStore.swift in Sources */ = {isa = PBXBuildFile; fileRef = A565DA114EAC7A83F9DE39C2 /* AppStateStore.swift */; };
		773F082E58D528009BA4541B /* Foundation.framework in Frameworks */ = {isa = PBXBuildFile; fileRef = C9A65CC4B38C65DEAB2676CF /* Foundation.framework */; };
		79283FCA546A29255ABE80F9 /* WeightFormatting.swift in Sources */ = {isa = PBXBuildFile; fileRef = 1734503308FB4168B4DF8CC9 /* WeightFormatting.swift */; };
		8360CAC87A025D845F7DA9EF /* ScanState.swift in Sources */ = {isa = PBXBuildFile; fileRef = E395ABF2762EB2BF60CA87B6 /* ScanState.swift */; };
		8DBBC751822DB146D05E1DD1 /* WeightRepository.swift in Sources */ = {isa = PBXBuildFile; fileRef = D244FA8205F88267F1362D31 /* WeightRepository.swift */; };
		8F4B6DBE85F554294A5FC045 /* WeighView.swift in Sources */ = {isa = PBXBuildFile; fileRef = E6A16E7ABE2AFDE705E2CD47 /* WeighView.swift */; };
		90B73F82FD48151C171B34CD /* WeightStabilizerTests.swift in Sources */ = {isa = PBXBuildFile; fileRef = 51CE2D47E22DE141FA106449 /* WeightStabilizerTests.swift */; };
		95DBFAD95508BAD6D4563328 /* CSVServiceTests.swift in Sources */ = {isa = PBXBuildFile; fileRef = 30BAFBFBE54D7F5D8244FF5C /* CSVServiceTests.swift */; };
		977FEE8B5D06065FC3908741 /* HealthKit.framework in Frameworks */ = {isa = PBXBuildFile; fileRef = EE6D57E25107BFAB48F2D3F1 /* HealthKit.framework */; };
		99250977B11BEDD14F05FF6F /* TrendRangePreset.swift in Sources */ = {isa = PBXBuildFile; fileRef = 33F4A906B4F386A63C2C919F /* TrendRangePreset.swift */; };
		A5F6C381DFF78426EF779090 /* HistoryEditView.swift in Sources */ = {isa = PBXBuildFile; fileRef = A9D7994A33CE36B599093B26 /* HistoryEditView.swift */; };
		A81B30CEA00DDD93D7C5FC91 /* StabilizerConfig.swift in Sources */ = {isa = PBXBuildFile; fileRef = 6C7884D1CEAE8DD29B03DECF /* StabilizerConfig.swift */; };
		B1516F7D9EB0761EFBD7A304 /* UrevoScaleApp.swift in Sources */ = {isa = PBXBuildFile; fileRef = 90FC36F1A41F4E310F953596 /* UrevoScaleApp.swift */; };
		B9CA2D1B047AC016A0963DD6 /* RootView.swift in Sources */ = {isa = PBXBuildFile; fileRef = 4E8C32C1348BEDF8E2CAF59F /* RootView.swift */; };
		C61A0F2E92F318561DB34BB8 /* WeightFormattingTests.swift in Sources */ = {isa = PBXBuildFile; fileRef = E39FEE5926DF9DB3E0EE982B /* WeightFormattingTests.swift */; };
		C9CE14F42FBA9D6DDB916D00 /* CoreBluetooth.framework in Frameworks */ = {isa = PBXBuildFile; fileRef = 3BB5F2B9E323A9102EC745C3 /* CoreBluetooth.framework */; };
		CA668032F1396AA65AAD1E76 /* WeightTrendAnalyticsTests.swift in Sources */ = {isa = PBXBuildFile; fileRef = 545FC1B16AF780877FF370D0 /* WeightTrendAnalyticsTests.swift */; };
		CB18EBB5A91EA88507FDE241 /* BluetoothScaleService.swift in Sources */ = {isa = PBXBuildFile; fileRef = 4973FFE03BD22286E5BF7492 /* BluetoothScaleService.swift */; };
		CDE0F15A4B96D4C1C1DD6905 /* WeightStabilizer.swift in Sources */ = {isa = PBXBuildFile; fileRef = CB20A22F1F4F24C1BF2C6218 /* WeightStabilizer.swift */; };
		CE85B69635546684AF756686 /* Foundation.framework in Frameworks */ = {isa = PBXBuildFile; fileRef = C9A65CC4B38C65DEAB2676CF /* Foundation.framework */; };
		D2C7EF2606667DC550634293 /* ScaleAdvertisement.swift in Sources */ = {isa = PBXBuildFile; fileRef = 9B8D3C95CB1EB2D7FAD119C1 /* ScaleAdvertisement.swift */; };
		DB9A32F18802C4DEF728122E /* HealthKitService.swift in Sources */ = {isa = PBXBuildFile; fileRef = D238E4AD13250B65B88D7795 /* HealthKitService.swift */; };
		E81BF0DE01CD9C5AE09F27B9 /* OnboardingView.swift in Sources */ = {isa = PBXBuildFile; fileRef = 49AA2192444B771EE7911173 /* OnboardingView.swift */; };
		EF7C8187EE67C62B6FDBBB8F /* AppDefaults.swift in Sources */ = {isa = PBXBuildFile; fileRef = 36FFCA420E81085344A3D62A /* AppDefaults.swift */; };
		F5D026CA3BA352D4DDEFD12D /* SettingsView.swift in Sources */ = {isa = PBXBuildFile; fileRef = 638EF7F4182E7FAB1773E827 /* SettingsView.swift */; };
/* End PBXBuildFile section */

/* Begin PBXContainerItemProxy section */
		6F6722F63018B84525AF0F6B /* PBXContainerItemProxy */ = {
			isa = PBXContainerItemProxy;
			containerPortal = 75408F3501F450AACDF7F14E /* Project object */;
			proxyType = 1;
			remoteGlobalIDString = 3BECBFE1A1F1FBCA9BB9848C;
			remoteInfo = UrevoScale;
		};
/* End PBXContainerItemProxy section */

/* Begin PBXFileReference section */
		1734503308FB4168B4DF8CC9 /* WeightFormatting.swift */ = {isa = PBXFileReference; includeInIndex = 1; lastKnownFileType = sourcecode.swift; name = WeightFormatting.swift; path = UrevoScale/Utilities/WeightFormatting.swift; sourceTree = "<group>"; };
		2E3CCB8304A93113B2E10428 /* Info.plist */ = {isa = PBXFileReference; includeInIndex = 1; lastKnownFileType = text.plist.xml; name = Info.plist; path = UrevoScale/Resources/Info.plist; sourceTree = "<group>"; };
		30BAFBFBE54D7F5D8244FF5C /* CSVServiceTests.swift */ = {isa = PBXFileReference; includeInIndex = 1; lastKnownFileType = sourcecode.swift; name = CSVServiceTests.swift; path = UrevoScaleTests/CSVServiceTests.swift; sourceTree = "<group>"; };
		33F4A906B4F386A63C2C919F /* TrendRangePreset.swift */ = {isa = PBXFileReference; includeInIndex = 1; lastKnownFileType = sourcecode.swift; name = TrendRangePreset.swift; path = UrevoScale/Models/TrendRangePreset.swift; sourceTree = "<group>"; };
		36FFCA420E81085344A3D62A /* AppDefaults.swift */ = {isa = PBXFileReference; includeInIndex = 1; lastKnownFileType = sourcecode.swift; name = AppDefaults.swift; path = UrevoScale/Utilities/AppDefaults.swift; sourceTree = "<group>"; };
		38EEC32EEA5CDC73BA9BFD1D /* HistoryView.swift */ = {isa = PBXFileReference; includeInIndex = 1; lastKnownFileType = sourcecode.swift; name = HistoryView.swift; path = UrevoScale/Views/HistoryView.swift; sourceTree = "<group>"; };
		3A17EF6737DBF9AB00A67E5C /* ActivityView.swift */ = {isa = PBXFileReference; includeInIndex = 1; lastKnownFileType = sourcecode.swift; name = ActivityView.swift; path = UrevoScale/Views/ActivityView.swift; sourceTree = "<group>"; };
		3AD6079A2218B288EBC4AD65 /* WeightEntry.swift */ = {isa = PBXFileReference; includeInIndex = 1; lastKnownFileType = sourcecode.swift; name = WeightEntry.swift; path = UrevoScale/Models/WeightEntry.swift; sourceTree = "<group>"; };
		3BB5F2B9E323A9102EC745C3 /* CoreBluetooth.framework */ = {isa = PBXFileReference; lastKnownFileType = wrapper.framework; name = CoreBluetooth.framework; path = System/Library/Frameworks/CoreBluetooth.framework; sourceTree = "<group>"; };
		3EB21A34E56D9D26B5358E7C /* PersistenceController.swift */ = {isa = PBXFileReference; includeInIndex = 1; lastKnownFileType = sourcecode.swift; name = PersistenceController.swift; path = UrevoScale/Services/PersistenceController.swift; sourceTree = "<group>"; };
		40A94CF67B604237FE4D459C /* Info.plist */ = {isa = PBXFileReference; includeInIndex = 1; lastKnownFileType = text.plist.xml; name = Info.plist; path = UrevoScaleTests/Info.plist; sourceTree = "<group>"; };
		493898C698C690CDB9FA70E7 /* TrendsView.swift */ = {isa = PBXFileReference; includeInIndex = 1; lastKnownFileType = sourcecode.swift; name = TrendsView.swift; path = UrevoScale/Views/TrendsView.swift; sourceTree = "<group>"; };
		4973FFE03BD22286E5BF7492 /* BluetoothScaleService.swift */ = {isa = PBXFileReference; includeInIndex = 1; lastKnownFileType = sourcecode.swift; name = BluetoothScaleService.swift; path = UrevoScale/Services/BluetoothScaleService.swift; sourceTree = "<group>"; };
		49AA2192444B771EE7911173 /* OnboardingView.swift */ = {isa = PBXFileReference; includeInIndex = 1; lastKnownFileType = sourcecode.swift; name = OnboardingView.swift; path = UrevoScale/Views/OnboardingView.swift; sourceTree = "<group>"; };
		4E8C32C1348BEDF8E2CAF59F /* RootView.swift */ = {isa = PBXFileReference; includeInIndex = 1; lastKnownFileType = sourcecode.swift; name = RootView.swift; path = UrevoScale/Views/RootView.swift; sourceTree = "<group>"; };
		4FCF74C52D9DDE54148EEB82 /* ScaleScanner.swift */ = {isa = PBXFileReference; includeInIndex = 1; lastKnownFileType = sourcecode.swift; name = ScaleScanner.swift; path = UrevoScale/Services/ScaleScanner.swift; sourceTree = "<group>"; };
		51CE2D47E22DE141FA106449 /* WeightStabilizerTests.swift */ = {isa = PBXFileReference; includeInIndex = 1; lastKnownFileType = sourcecode.swift; name = WeightStabilizerTests.swift; path = UrevoScaleTests/WeightStabilizerTests.swift; sourceTree = "<group>"; };
		545FC1B16AF780877FF370D0 /* WeightTrendAnalyticsTests.swift */ = {isa = PBXFileReference; includeInIndex = 1; lastKnownFileType = sourcecode.swift; name = WeightTrendAnalyticsTests.swift; path = UrevoScaleTests/WeightTrendAnalyticsTests.swift; sourceTree = "<group>"; };
		5E26B184544EE7F3B944FC4F /* AppStateStoreIntegrationTests.swift */ = {isa = PBXFileReference; includeInIndex = 1; lastKnownFileType = sourcecode.swift; name = AppStateStoreIntegrationTests.swift; path = UrevoScaleTests/AppStateStoreIntegrationTests.swift; sourceTree = "<group>"; };
		5F3D84B8F1337DB9E98A4112 /* TimestampFormatters.swift */ = {isa = PBXFileReference; includeInIndex = 1; lastKnownFileType = sourcecode.swift; name = TimestampFormatters.swift; path = UrevoScale/Utilities/TimestampFormatters.swift; sourceTree = "<group>"; };
		63855D907385AB9E81645F56 /* UrevoScaleTests.xctest */ = {isa = PBXFileReference; explicitFileType = wrapper.cfbundle; includeInIndex = 0; path = UrevoScaleTests.xctest; sourceTree = BUILT_PRODUCTS_DIR; };
		638EF7F4182E7FAB1773E827 /* SettingsView.swift */ = {isa = PBXFileReference; includeInIndex = 1; lastKnownFileType = sourcecode.swift; name = SettingsView.swift; path = UrevoScale/Views/SettingsView.swift; sourceTree = "<group>"; };
		6C7884D1CEAE8DD29B03DECF /* StabilizerConfig.swift */ = {isa = PBXFileReference; includeInIndex = 1; lastKnownFileType = sourcecode.swift; name = StabilizerConfig.swift; path = UrevoScale/Models/StabilizerConfig.swift; sourceTree = "<group>"; };
		6CC76E8C22868B3C1E9B3971 /* WeightTrendSample.swift */ = {isa = PBXFileReference; includeInIndex = 1; lastKnownFileType = sourcecode.swift; name = WeightTrendSample.swift; path = UrevoScale/Models/WeightTrendSample.swift; sourceTree = "<group>"; };
		8DEB09E51A8D43034386C3CA /* ScanError.swift */ = {isa = PBXFileReference; includeInIndex = 1; lastKnownFileType = sourcecode.swift; name = ScanError.swift; path = UrevoScale/Models/ScanError.swift; sourceTree = "<group>"; };
		8EAF0D261CDC86D72F075851 /* DisplayUnit.swift */ = {isa = PBXFileReference; includeInIndex = 1; lastKnownFileType = sourcecode.swift; name = DisplayUnit.swift; path = UrevoScale/Models/DisplayUnit.swift; sourceTree = "<group>"; };
		90FC36F1A41F4E310F953596 /* UrevoScaleApp.swift */ = {isa = PBXFileReference; includeInIndex = 1; lastKnownFileType = sourcecode.swift; name = UrevoScaleApp.swift; path = UrevoScale/App/UrevoScaleApp.swift; sourceTree = "<group>"; };
		94674D4B771D1E4A7836D144 /* EntrySource.swift */ = {isa = PBXFileReference; includeInIndex = 1; lastKnownFileType = sourcecode.swift; name = EntrySource.swift; path = UrevoScale/Models/EntrySource.swift; sourceTree = "<group>"; };
		9B8D3C95CB1EB2D7FAD119C1 /* ScaleAdvertisement.swift */ = {isa = PBXFileReference; includeInIndex = 1; lastKnownFileType = sourcecode.swift; name = ScaleAdvertisement.swift; path = UrevoScale/Models/ScaleAdvertisement.swift; sourceTree = "<group>"; };
		A565DA114EAC7A83F9DE39C2 /* AppStateStore.swift */ = {isa = PBXFileReference; includeInIndex = 1; lastKnownFileType = sourcecode.swift; name = AppStateStore.swift; path = UrevoScale/Store/AppStateStore.swift; sourceTree = "<group>"; };
		A9D7994A33CE36B599093B26 /* HistoryEditView.swift */ = {isa = PBXFileReference; includeInIndex = 1; lastKnownFileType = sourcecode.swift; name = HistoryEditView.swift; path = UrevoScale/Views/HistoryEditView.swift; sourceTree = "<group>"; };
		AC5EAF543373A707026CDA44 /* UrevoScale.app */ = {isa = PBXFileReference; explicitFileType = wrapper.application; includeInIndex = 0; path = UrevoScale.app; sourceTree = BUILT_PRODUCTS_DIR; };
		AFF9788175D49E922FF999E1 /* UrevoScale.entitlements */ = {isa = PBXFileReference; includeInIndex = 1; lastKnownFileType = text.plist.entitlements; name = UrevoScale.entitlements; path = UrevoScale/Resources/UrevoScale.entitlements; sourceTree = "<group>"; };
		BD7543CE5CEA1C05E08E5D47 /* WeightTrendAnalytics.swift */ = {isa = PBXFileReference; includeInIndex = 1; lastKnownFileType = sourcecode.swift; name = WeightTrendAnalytics.swift; path = UrevoScale/Services/WeightTrendAnalytics.swift; sourceTree = "<group>"; };
		C30F24778016DE8C81A69021 /* ScaleProtocolDecoder.swift */ = {isa = PBXFileReference; includeInIndex = 1; lastKnownFileType = sourcecode.swift; name = ScaleProtocolDecoder.swift; path = UrevoScale/Services/ScaleProtocolDecoder.swift; sourceTree = "<group>"; };
		C9A65CC4B38C65DEAB2676CF /* Foundation.framework */ = {isa = PBXFileReference; lastKnownFileType = wrapper.framework; name = Foundation.framework; path = Platforms/iPhoneOS.platform/Developer/SDKs/iPhoneOS18.0.sdk/System/Library/Frameworks/Foundation.framework; sourceTree = DEVELOPER_DIR; };
		CAB8146B31AC08629F2C505F /* WeightProtocolDecoderTests.swift */ = {isa = PBXFileReference; includeInIndex = 1; lastKnownFileType = sourcecode.swift; name = WeightProtocolDecoderTests.swift; path = UrevoScaleTests/WeightProtocolDecoderTests.swift; sourceTree = "<group>"; };
		CB20A22F1F4F24C1BF2C6218 /* WeightStabilizer.swift */ = {isa = PBXFileReference; includeInIndex = 1; lastKnownFileType = sourcecode.swift; name = WeightStabilizer.swift; path = UrevoScale/Services/WeightStabilizer.swift; sourceTree = "<group>"; };
		D238E4AD13250B65B88D7795 /* HealthKitService.swift */ = {isa = PBXFileReference; includeInIndex = 1; lastKnownFileType = sourcecode.swift; name = HealthKitService.swift; path = UrevoScale/Services/HealthKitService.swift; sourceTree = "<group>"; };
		D244FA8205F88267F1362D31 /* WeightRepository.swift */ = {isa = PBXFileReference; includeInIndex = 1; lastKnownFileType = sourcecode.swift; name = WeightRepository.swift; path = UrevoScale/Services/WeightRepository.swift; sourceTree = "<group>"; };
		D7FAF64E1EC4E6B04FF3FBFE /* CSVService.swift */ = {isa = PBXFileReference; includeInIndex = 1; lastKnownFileType = sourcecode.swift; name = CSVService.swift; path = UrevoScale/Services/CSVService.swift; sourceTree = "<group>"; };
		E395ABF2762EB2BF60CA87B6 /* ScanState.swift */ = {isa = PBXFileReference; includeInIndex = 1; lastKnownFileType = sourcecode.swift; name = ScanState.swift; path = UrevoScale/Models/ScanState.swift; sourceTree = "<group>"; };
		E39FEE5926DF9DB3E0EE982B /* WeightFormattingTests.swift */ = {isa = PBXFileReference; includeInIndex = 1; lastKnownFileType = sourcecode.swift; name = WeightFormattingTests.swift; path = UrevoScaleTests/WeightFormattingTests.swift; sourceTree = "<group>"; };
		E6A16E7ABE2AFDE705E2CD47 /* WeighView.swift */ = {isa = PBXFileReference; includeInIndex = 1; lastKnownFileType = sourcecode.swift; name = WeighView.swift; path = UrevoScale/Views/WeighView.swift; sourceTree = "<group>"; };
		E904456B965982807361824D /* ImportResult.swift */ = {isa = PBXFileReference; includeInIndex = 1; lastKnownFileType = sourcecode.swift; name = ImportResult.swift; path = UrevoScale/Models/ImportResult.swift; sourceTree = "<group>"; };
		EE6D57E25107BFAB48F2D3F1 /* HealthKit.framework */ = {isa = PBXFileReference; lastKnownFileType = wrapper.framework; name = HealthKit.framework; path = System/Library/Frameworks/HealthKit.framework; sourceTree = "<group>"; };
/* End PBXFileReference section */

/* Begin PBXFrameworksBuildPhase section */
		3E8EEC25BF12B46EFB7BBA11 /* Frameworks */ = {
			isa = PBXFrameworksBuildPhase;
			buildActionMask = 2147483647;
			files = (
				773F082E58D528009BA4541B /* Foundation.framework in Frameworks */,
				C9CE14F42FBA9D6DDB916D00 /* CoreBluetooth.framework in Frameworks */,
				977FEE8B5D06065FC3908741 /* HealthKit.framework in Frameworks */,
			);
			runOnlyForDeploymentPostprocessing = 0;
		};
		AF0EB60BF2C002ED918E8241 /* Frameworks */ = {
			isa = PBXFrameworksBuildPhase;
			buildActionMask = 2147483647;
			files = (
				CE85B69635546684AF756686 /* Foundation.framework in Frameworks */,
			);
			runOnlyForDeploymentPostprocessing = 0;
		};
/* End PBXFrameworksBuildPhase section */

/* Begin PBXGroup section */
		0AE39CE7D596625F9C9C1128 /* Products */ = {
			isa = PBXGroup;
			children = (
				AC5EAF543373A707026CDA44 /* UrevoScale.app */,
				63855D907385AB9E81645F56 /* UrevoScaleTests.xctest */,
			);
			name = Products;
			sourceTree = "<group>";
		};
		364166F625C2264006679B00 /* iOS */ = {
			isa = PBXGroup;
			children = (
				C9A65CC4B38C65DEAB2676CF /* Foundation.framework */,
			);
			name = iOS;
			sourceTree = "<group>";
		};
		7739F653C5DCA1C989ACAFC4 /* UrevoScaleTests */ = {
			isa = PBXGroup;
			children = (
				5E26B184544EE7F3B944FC4F /* AppStateStoreIntegrationTests.swift */,
				30BAFBFBE54D7F5D8244FF5C /* CSVServiceTests.swift */,
				E39FEE5926DF9DB3E0EE982B /* WeightFormattingTests.swift */,
				CAB8146B31AC08629F2C505F /* WeightProtocolDecoderTests.swift */,
				51CE2D47E22DE141FA106449 /* WeightStabilizerTests.swift */,
				545FC1B16AF780877FF370D0 /* WeightTrendAnalyticsTests.swift */,
				40A94CF67B604237FE4D459C /* Info.plist */,
			);
			name = UrevoScaleTests;
			sourceTree = "<group>";
		};
		9DCF424970FD932AB6DE7AD9 = {
			isa = PBXGroup;
			children = (
				0AE39CE7D596625F9C9C1128 /* Products */,
				F272797B1D9DA9B120846BD1 /* Frameworks */,
				D01651267C94C7048ABF2645 /* UrevoScale */,
				7739F653C5DCA1C989ACAFC4 /* UrevoScaleTests */,
			);
			sourceTree = "<group>";
		};
		D01651267C94C7048ABF2645 /* UrevoScale */ = {
			isa = PBXGroup;
			children = (
				90FC36F1A41F4E310F953596 /* UrevoScaleApp.swift */,
				8EAF0D261CDC86D72F075851 /* DisplayUnit.swift */,
				94674D4B771D1E4A7836D144 /* EntrySource.swift */,
				E904456B965982807361824D /* ImportResult.swift */,
				9B8D3C95CB1EB2D7FAD119C1 /* ScaleAdvertisement.swift */,
				8DEB09E51A8D43034386C3CA /* ScanError.swift */,
				E395ABF2762EB2BF60CA87B6 /* ScanState.swift */,
				6C7884D1CEAE8DD29B03DECF /* StabilizerConfig.swift */,
				33F4A906B4F386A63C2C919F /* TrendRangePreset.swift */,
				3AD6079A2218B288EBC4AD65 /* WeightEntry.swift */,
				6CC76E8C22868B3C1E9B3971 /* WeightTrendSample.swift */,
				4973FFE03BD22286E5BF7492 /* BluetoothScaleService.swift */,
				D7FAF64E1EC4E6B04FF3FBFE /* CSVService.swift */,
				D238E4AD13250B65B88D7795 /* HealthKitService.swift */,
				3EB21A34E56D9D26B5358E7C /* PersistenceController.swift */,
				C30F24778016DE8C81A69021 /* ScaleProtocolDecoder.swift */,
				4FCF74C52D9DDE54148EEB82 /* ScaleScanner.swift */,
				D244FA8205F88267F1362D31 /* WeightRepository.swift */,
				CB20A22F1F4F24C1BF2C6218 /* WeightStabilizer.swift */,
				BD7543CE5CEA1C05E08E5D47 /* WeightTrendAnalytics.swift */,
				A565DA114EAC7A83F9DE39C2 /* AppStateStore.swift */,
				36FFCA420E81085344A3D62A /* AppDefaults.swift */,
				5F3D84B8F1337DB9E98A4112 /* TimestampFormatters.swift */,
				1734503308FB4168B4DF8CC9 /* WeightFormatting.swift */,
				3A17EF6737DBF9AB00A67E5C /* ActivityView.swift */,
				A9D7994A33CE36B599093B26 /* HistoryEditView.swift */,
				38EEC32EEA5CDC73BA9BFD1D /* HistoryView.swift */,
				49AA2192444B771EE7911173 /* OnboardingView.swift */,
				4E8C32C1348BEDF8E2CAF59F /* RootView.swift */,
				638EF7F4182E7FAB1773E827 /* SettingsView.swift */,
				493898C698C690CDB9FA70E7 /* TrendsView.swift */,
				E6A16E7ABE2AFDE705E2CD47 /* WeighView.swift */,
				2E3CCB8304A93113B2E10428 /* Info.plist */,
				AFF9788175D49E922FF999E1 /* UrevoScale.entitlements */,
			);
			name = UrevoScale;
			sourceTree = "<group>";
		};
		F272797B1D9DA9B120846BD1 /* Frameworks */ = {
			isa = PBXGroup;
			children = (
				364166F625C2264006679B00 /* iOS */,
				3BB5F2B9E323A9102EC745C3 /* CoreBluetooth.framework */,
				EE6D57E25107BFAB48F2D3F1 /* HealthKit.framework */,
			);
			name = Frameworks;
			sourceTree = "<group>";
		};
/* End PBXGroup section */

/* Begin PBXNativeTarget section */
		3BECBFE1A1F1FBCA9BB9848C /* UrevoScale */ = {
			isa = PBXNativeTarget;
			buildConfigurationList = 7ADF2A7DC6067F071C2486C3 /* Build configuration list for PBXNativeTarget "UrevoScale" */;
			buildPhases = (
				EFCF46953990808DDDA35706 /* Sources */,
				3E8EEC25BF12B46EFB7BBA11 /* Frameworks */,
				DFE35964981F9450B276A657 /* Resources */,
			);
			buildRules = (
			);
			dependencies = (
			);
			name = UrevoScale;
			productName = UrevoScale;
			productReference = AC5EAF543373A707026CDA44 /* UrevoScale.app */;
			productType = "com.apple.product-type.application";
		};
		EC78FE46A252CB28E3950D7F /* UrevoScaleTests */ = {
			isa = PBXNativeTarget;
			buildConfigurationList = D98EC59EC9FF98D36AC037F9 /* Build configuration list for PBXNativeTarget "UrevoScaleTests" */;
			buildPhases = (
				1ECB5E6663AC1378E75002FD /* Sources */,
				AF0EB60BF2C002ED918E8241 /* Frameworks */,
				758BDFC1F9BDFDA0B3FE112B /* Resources */,
			);
			buildRules = (
			);
			dependencies = (
				029409DFAF36C93AD16D2236 /* PBXTargetDependency */,
			);
			name = UrevoScaleTests;
			productName = UrevoScaleTests;
			productReference = 63855D907385AB9E81645F56 /* UrevoScaleTests.xctest */;
			productType = "com.apple.product-type.bundle.unit-test";
		};
/* End PBXNativeTarget section */

/* Begin PBXProject section */
		75408F3501F450AACDF7F14E /* Project object */ = {
			isa = PBXProject;
			attributes = {
				LastSwiftUpdateCheck = 1600;
				LastUpgradeCheck = 1600;
				TargetAttributes = {
					3BECBFE1A1F1FBCA9BB9848C = {
						DevelopmentTeam = NAFQNS48MH;
						ProvisioningStyle = Automatic;
					};
					EC78FE46A252CB28E3950D7F = {
						ProvisioningStyle = Automatic;
					};
				};
			};
			buildConfigurationList = 31930F6FD6B46632BF6DFE8A /* Build configuration list for PBXProject "UrevoScale" */;
			compatibilityVersion = "Xcode 3.2";
			developmentRegion = en;
			hasScannedForEncodings = 0;
			knownRegions = (
				en,
				Base,
			);
			mainGroup = 9DCF424970FD932AB6DE7AD9;
			productRefGroup = 0AE39CE7D596625F9C9C1128 /* Products */;
			projectDirPath = "";
			projectRoot = "";
			targets = (
				3BECBFE1A1F1FBCA9BB9848C /* UrevoScale */,
				EC78FE46A252CB28E3950D7F /* UrevoScaleTests */,
			);
		};
/* End PBXProject section */

/* Begin PBXResourcesBuildPhase section */
		758BDFC1F9BDFDA0B3FE112B /* Resources */ = {
			isa = PBXResourcesBuildPhase;
			buildActionMask = 2147483647;
			files = (
			);
			runOnlyForDeploymentPostprocessing = 0;
		};
		DFE35964981F9450B276A657 /* Resources */ = {
			isa = PBXResourcesBuildPhase;
			buildActionMask = 2147483647;
			files = (
			);
			runOnlyForDeploymentPostprocessing = 0;
		};
/* End PBXResourcesBuildPhase section */

/* Begin PBXSourcesBuildPhase section */
		1ECB5E6663AC1378E75002FD /* Sources */ = {
			isa = PBXSourcesBuildPhase;
			buildActionMask = 2147483647;
			files = (
				48777CB6BF2165607A04961B /* AppStateStoreIntegrationTests.swift in Sources */,
				95DBFAD95508BAD6D4563328 /* CSVServiceTests.swift in Sources */,
				C61A0F2E92F318561DB34BB8 /* WeightFormattingTests.swift in Sources */,
				492B01E7A4D2A637D4EC7742 /* WeightProtocolDecoderTests.swift in Sources */,
				90B73F82FD48151C171B34CD /* WeightStabilizerTests.swift in Sources */,
				CA668032F1396AA65AAD1E76 /* WeightTrendAnalyticsTests.swift in Sources */,
			);
			runOnlyForDeploymentPostprocessing = 0;
		};
		EFCF46953990808DDDA35706 /* Sources */ = {
			isa = PBXSourcesBuildPhase;
			buildActionMask = 2147483647;
			files = (
				B1516F7D9EB0761EFBD7A304 /* UrevoScaleApp.swift in Sources */,
				1C261B6C790A516E16A0F237 /* DisplayUnit.swift in Sources */,
				1893D696F40B53FB3C4EE618 /* EntrySource.swift in Sources */,
				5F24D9B5845785BCEFC462D1 /* ImportResult.swift in Sources */,
				D2C7EF2606667DC550634293 /* ScaleAdvertisement.swift in Sources */,
				61D04603AD9674E05E2E3101 /* ScanError.swift in Sources */,
				8360CAC87A025D845F7DA9EF /* ScanState.swift in Sources */,
				A81B30CEA00DDD93D7C5FC91 /* StabilizerConfig.swift in Sources */,
				99250977B11BEDD14F05FF6F /* TrendRangePreset.swift in Sources */,
				48DBC4DB0E2DE978F243C40B /* WeightEntry.swift in Sources */,
				4856BAD0DC9F991BABB81770 /* WeightTrendSample.swift in Sources */,
				CB18EBB5A91EA88507FDE241 /* BluetoothScaleService.swift in Sources */,
				47B60E88ED433AFF06C1B00E /* CSVService.swift in Sources */,
				DB9A32F18802C4DEF728122E /* HealthKitService.swift in Sources */,
				47F97A2A41066685B3B5EFB1 /* PersistenceController.swift in Sources */,
				6303F470F1E80A303E53DD49 /* ScaleProtocolDecoder.swift in Sources */,
				55265F746D0D8FB5B6B9E8CE /* ScaleScanner.swift in Sources */,
				8DBBC751822DB146D05E1DD1 /* WeightRepository.swift in Sources */,
				CDE0F15A4B96D4C1C1DD6905 /* WeightStabilizer.swift in Sources */,
				0A552BB61F6A0735F7AF2E62 /* WeightTrendAnalytics.swift in Sources */,
				636323188075FA66CC9ADF3D /* AppStateStore.swift in Sources */,
				EF7C8187EE67C62B6FDBBB8F /* AppDefaults.swift in Sources */,
				234B8026547C458D873B8B26 /* TimestampFormatters.swift in Sources */,
				79283FCA546A29255ABE80F9 /* WeightFormatting.swift in Sources */,
				35812BEE738FE8BC4CF33A31 /* ActivityView.swift in Sources */,
				A5F6C381DFF78426EF779090 /* HistoryEditView.swift in Sources */,
				4BABC67D39C5AC119A367FAC /* HistoryView.swift in Sources */,
				E81BF0DE01CD9C5AE09F27B9 /* OnboardingView.swift in Sources */,
				B9CA2D1B047AC016A0963DD6 /* RootView.swift in Sources */,
				F5D026CA3BA352D4DDEFD12D /* SettingsView.swift in Sources */,
				1CAC29FED9CBEC443144E86E /* TrendsView.swift in Sources */,
				8F4B6DBE85F554294A5FC045 /* WeighView.swift in Sources */,
			);
			runOnlyForDeploymentPostprocessing = 0;
		};
/* End PBXSourcesBuildPhase section */

/* Begin PBXTargetDependency section */
		029409DFAF36C93AD16D2236 /* PBXTargetDependency */ = {
			isa = PBXTargetDependency;
			name = UrevoScale;
			target = 3BECBFE1A1F1FBCA9BB9848C /* UrevoScale */;
			targetProxy = 6F6722F63018B84525AF0F6B /* PBXContainerItemProxy */;
		};
/* End PBXTargetDependency section */

/* Begin XCBuildConfiguration section */
		4300F03C16B5E5081A37D380 /* Release */ = {
			isa = XCBuildConfiguration;
			buildSettings = {
				BUNDLE_LOADER = "$(TEST_HOST)";
				CLANG_ENABLE_OBJC_WEAK = NO;
				CODE_SIGN_STYLE = Automatic;
				GENERATE_INFOPLIST_FILE = NO;
				INFOPLIST_FILE = UrevoScaleTests/Info.plist;
				IPHONEOS_DEPLOYMENT_TARGET = 17.0;
				PRODUCT_BUNDLE_IDENTIFIER = com.carson.urevoscaleTests;
				SDKROOT = iphoneos;
				SWIFT_VERSION = 5.0;
				TEST_HOST = "$(BUILT_PRODUCTS_DIR)/UrevoScale.app/UrevoScale";
				VALIDATE_PRODUCT = YES;
			};
			name = Release;
		};
		58697EC30F0A0814878E9441 /* Debug */ = {
			isa = XCBuildConfiguration;
			buildSettings = {
				BUNDLE_LOADER = "$(TEST_HOST)";
				CLANG_ENABLE_OBJC_WEAK = NO;
				CODE_SIGN_STYLE = Automatic;
				GENERATE_INFOPLIST_FILE = NO;
				INFOPLIST_FILE = UrevoScaleTests/Info.plist;
				IPHONEOS_DEPLOYMENT_TARGET = 17.0;
				PRODUCT_BUNDLE_IDENTIFIER = com.carson.urevoscaleTests;
				SDKROOT = iphoneos;
				SWIFT_VERSION = 5.0;
				TEST_HOST = "$(BUILT_PRODUCTS_DIR)/UrevoScale.app/UrevoScale";
			};
			name = Debug;
		};
		7EC75AB0D5F9520E0D20DFB9 /* Release */ = {
			isa = XCBuildConfiguration;
			buildSettings = {
				ALWAYS_SEARCH_USER_PATHS = NO;
				CLANG_ANALYZER_NONNULL = YES;
				CLANG_ANALYZER_NUMBER_OBJECT_CONVERSION = YES_AGGRESSIVE;
				CLANG_CXX_LANGUAGE_STANDARD = "gnu++14";
				CLANG_CXX_LIBRARY = "libc++";
				CLANG_ENABLE_MODULES = YES;
				CLANG_ENABLE_OBJC_ARC = YES;
				CLANG_ENABLE_OBJC_WEAK = YES;
				CLANG_WARN_BLOCK_CAPTURE_AUTORELEASING = YES;
				CLANG_WARN_BOOL_CONVERSION = YES;
				CLANG_WARN_COMMA = YES;
				CLANG_WARN_CONSTANT_CONVERSION = YES;
				CLANG_WARN_DEPRECATED_OBJC_IMPLEMENTATIONS = YES;
				CLANG_WARN_DIRECT_OBJC_ISA_USAGE = YES_ERROR;
				CLANG_WARN_DOCUMENTATION_COMMENTS = YES;
				CLANG_WARN_EMPTY_BODY = YES;
				CLANG_WARN_ENUM_CONVERSION = YES;
				CLANG_WARN_INFINITE_RECURSION = YES;
				CLANG_WARN_INT_CONVERSION = YES;
				CLANG_WARN_NON_LITERAL_NULL_CONVERSION = YES;
				CLANG_WARN_OBJC_IMPLICIT_RETAIN_SELF = YES;
				CLANG_WARN_OBJC_LITERAL_CONVERSION = YES;
				CLANG_WARN_OBJC_ROOT_CLASS = YES_ERROR;
				CLANG_WARN_QUOTED_INCLUDE_IN_FRAMEWORK_HEADER = YES;
				CLANG_WARN_RANGE_LOOP_ANALYSIS = YES;
				CLANG_WARN_STRICT_PROTOTYPES = YES;
				CLANG_WARN_SUSPICIOUS_MOVE = YES;
				CLANG_WARN_UNGUARDED_AVAILABILITY = YES_AGGRESSIVE;
				CLANG_WARN_UNREACHABLE_CODE = YES;
				CLANG_WARN__DUPLICATE_METHOD_MATCH = YES;
				COPY_PHASE_STRIP = NO;
				DEBUG_INFORMATION_FORMAT = "dwarf-with-dsym";
				ENABLE_NS_ASSERTIONS = NO;
				ENABLE_STRICT_OBJC_MSGSEND = YES;
				GCC_C_LANGUAGE_STANDARD = gnu11;
				GCC_NO_COMMON_BLOCKS = YES;
				GCC_WARN_64_TO_32_BIT_CONVERSION = YES;
				GCC_WARN_ABOUT_RETURN_TYPE = YES_ERROR;
				GCC_WARN_UNDECLARED_SELECTOR = YES;
				GCC_WARN_UNINITIALIZED_AUTOS = YES_AGGRESSIVE;
				GCC_WARN_UNUSED_FUNCTION = YES;
				GCC_WARN_UNUSED_VARIABLE = YES;
				MTL_ENABLE_DEBUG_INFO = NO;
				MTL_FAST_MATH = YES;
				PRODUCT_NAME = "$(TARGET_NAME)";
				SWIFT_OPTIMIZATION_LEVEL = "-Owholemodule";
				SWIFT_VERSION = 5.0;
			};
			name = Release;
		};
		C0E7F8D163E59D89EC5B6244 /* Release */ = {
			isa = XCBuildConfiguration;
			buildSettings = {
				ASSETCATALOG_COMPILER_APPICON_NAME = AppIcon;
				ASSETCATALOG_COMPILER_GLOBAL_ACCENT_COLOR_NAME = AccentColor;
				CLANG_ENABLE_OBJC_WEAK = NO;
				CODE_SIGN_ENTITLEMENTS = UrevoScale/Resources/UrevoScale.entitlements;
				CODE_SIGN_STYLE = Automatic;
				DEVELOPMENT_TEAM = NAFQNS48MH;
				ENABLE_USER_SCRIPT_SANDBOXING = YES;
				GENERATE_INFOPLIST_FILE = NO;
				INFOPLIST_FILE = UrevoScale/Resources/Info.plist;
				IPHONEOS_DEPLOYMENT_TARGET = 17.0;
				LD_RUNPATH_SEARCH_PATHS = "$(inherited) @executable_path/Frameworks";
				PRODUCT_BUNDLE_IDENTIFIER = com.carson.urevoscale;
				SDKROOT = iphoneos;
				SWIFT_EMIT_LOC_STRINGS = YES;
				SWIFT_VERSION = 5.0;
				TARGETED_DEVICE_FAMILY = "1,2";
				VALIDATE_PRODUCT = YES;
			};
			name = Release;
		};
		E7E7203E9A3C5A688A46BB74 /* Debug */ = {
			isa = XCBuildConfiguration;
			buildSettings = {
				ASSETCATALOG_COMPILER_APPICON_NAME = AppIcon;
				ASSETCATALOG_COMPILER_GLOBAL_ACCENT_COLOR_NAME = AccentColor;
				CLANG_ENABLE_OBJC_WEAK = NO;
				CODE_SIGN_ENTITLEMENTS = UrevoScale/Resources/UrevoScale.entitlements;
				CODE_SIGN_STYLE = Automatic;
				DEVELOPMENT_TEAM = NAFQNS48MH;
				ENABLE_USER_SCRIPT_SANDBOXING = YES;
				GENERATE_INFOPLIST_FILE = NO;
				INFOPLIST_FILE = UrevoScale/Resources/Info.plist;
				IPHONEOS_DEPLOYMENT_TARGET = 17.0;
				LD_RUNPATH_SEARCH_PATHS = "$(inherited) @executable_path/Frameworks";
				PRODUCT_BUNDLE_IDENTIFIER = com.carson.urevoscale;
				SDKROOT = iphoneos;
				SWIFT_EMIT_LOC_STRINGS = YES;
				SWIFT_VERSION = 5.0;
				TARGETED_DEVICE_FAMILY = "1,2";
			};
			name = Debug;
		};
		F1C216E8DF3C7F5A3250D194 /* Debug */ = {
			isa = XCBuildConfiguration;
			buildSettings = {
				ALWAYS_SEARCH_USER_PATHS = NO;
				CLANG_ANALYZER_NONNULL = YES;
				CLANG_ANALYZER_NUMBER_OBJECT_CONVERSION = YES_AGGRESSIVE;
				CLANG_CXX_LANGUAGE_STANDARD = "gnu++14";
				CLANG_CXX_LIBRARY = "libc++";
				CLANG_ENABLE_MODULES = YES;
				CLANG_ENABLE_OBJC_ARC = YES;
				CLANG_ENABLE_OBJC_WEAK = YES;
				CLANG_WARN_BLOCK_CAPTURE_AUTORELEASING = YES;
				CLANG_WARN_BOOL_CONVERSION = YES;
				CLANG_WARN_COMMA = YES;
				CLANG_WARN_CONSTANT_CONVERSION = YES;
				CLANG_WARN_DEPRECATED_OBJC_IMPLEMENTATIONS = YES;
				CLANG_WARN_DIRECT_OBJC_ISA_USAGE = YES_ERROR;
				CLANG_WARN_DOCUMENTATION_COMMENTS = YES;
				CLANG_WARN_EMPTY_BODY = YES;
				CLANG_WARN_ENUM_CONVERSION = YES;
				CLANG_WARN_INFINITE_RECURSION = YES;
				CLANG_WARN_INT_CONVERSION = YES;
				CLANG_WARN_NON_LITERAL_NULL_CONVERSION = YES;
				CLANG_WARN_OBJC_IMPLICIT_RETAIN_SELF = YES;
				CLANG_WARN_OBJC_LITERAL_CONVERSION = YES;
				CLANG_WARN_OBJC_ROOT_CLASS = YES_ERROR;
				CLANG_WARN_QUOTED_INCLUDE_IN_FRAMEWORK_HEADER = YES;
				CLANG_WARN_RANGE_LOOP_ANALYSIS = YES;
				CLANG_WARN_STRICT_PROTOTYPES = YES;
				CLANG_WARN_SUSPICIOUS_MOVE = YES;
				CLANG_WARN_UNGUARDED_AVAILABILITY = YES_AGGRESSIVE;
				CLANG_WARN_UNREACHABLE_CODE = YES;
				CLANG_WARN__DUPLICATE_METHOD_MATCH = YES;
				COPY_PHASE_STRIP = NO;
				DEBUG_INFORMATION_FORMAT = dwarf;
				ENABLE_STRICT_OBJC_MSGSEND = YES;
				ENABLE_TESTABILITY = YES;
				GCC_C_LANGUAGE_STANDARD = gnu11;
				GCC_DYNAMIC_NO_PIC = NO;
				GCC_NO_COMMON_BLOCKS = YES;
				GCC_OPTIMIZATION_LEVEL = 0;
				GCC_PREPROCESSOR_DEFINITIONS = (
					"DEBUG=1",
					"$(inherited)",
				);
				GCC_WARN_64_TO_32_BIT_CONVERSION = YES;
				GCC_WARN_ABOUT_RETURN_TYPE = YES_ERROR;
				GCC_WARN_UNDECLARED_SELECTOR = YES;
				GCC_WARN_UNINITIALIZED_AUTOS = YES_AGGRESSIVE;
				GCC_WARN_UNUSED_FUNCTION = YES;
				GCC_WARN_UNUSED_VARIABLE = YES;
				MTL_ENABLE_DEBUG_INFO = INCLUDE_SOURCE;
				MTL_FAST_MATH = YES;
				ONLY_ACTIVE_ARCH = YES;
				PRODUCT_NAME = "$(TARGET_NAME)";
				SWIFT_ACTIVE_COMPILATION_CONDITIONS = DEBUG;
				SWIFT_OPTIMIZATION_LEVEL = "-Onone";
				SWIFT_VERSION = 5.0;
			};
			name = Debug;
		};
/* End XCBuildConfiguration section */

/* Begin XCConfigurationList section */
		31930F6FD6B46632BF6DFE8A /* Build configuration list for PBXProject "UrevoScale" */ = {
			isa = XCConfigurationList;
			buildConfigurations = (
				F1C216E8DF3C7F5A3250D194 /* Debug */,
				7EC75AB0D5F9520E0D20DFB9 /* Release */,
			);
			defaultConfigurationIsVisible = 0;
			defaultConfigurationName = Release;
		};
		7ADF2A7DC6067F071C2486C3 /* Build configuration list for PBXNativeTarget "UrevoScale" */ = {
			isa = XCConfigurationList;
			buildConfigurations = (
				C0E7F8D163E59D89EC5B6244 /* Release */,
				E7E7203E9A3C5A688A46BB74 /* Debug */,
			);
			defaultConfigurationIsVisible = 0;
			defaultConfigurationName = Release;
		};
		D98EC59EC9FF98D36AC037F9 /* Build configuration list for PBXNativeTarget "UrevoScaleTests" */ = {
			isa = XCConfigurationList;
			buildConfigurations = (
				4300F03C16B5E5081A37D380 /* Release */,
				58697EC30F0A0814878E9441 /* Debug */,
			);
			defaultConfigurationIsVisible = 0;
			defaultConfigurationName = Release;
		};
/* End XCConfigurationList section */
	};
	rootObject = 75408F3501F450AACDF7F14E /* Project object */;
}
